// !$*UTF8*$!
{
	archiveVersion = 1;
	classes = {
	};
	objectVersion = 77;
	objects = {

/* Begin PBXBuildFile section */
		D907CF582DB0D84F0020815C /* GoogleService-Info.plist in Resources */ = {isa = PBXBuildFile; fileRef = D907CF572DB0D84F0020815C /* GoogleService-Info.plist */; };
		D907CF5B2DB0E0380020815C /* FirebaseAnalytics in Frameworks */ = {isa = PBXBuildFile; productRef = D907CF5A2DB0E0380020815C /* FirebaseAnalytics */; };
		D907CF5D2DB0E0380020815C /* FirebaseAnalyticsOnDeviceConversion in Frameworks */ = {isa = PBXBuildFile; productRef = D907CF5C2DB0E0380020815C /* FirebaseAnalyticsOnDeviceConversion */; };
		D907CF5F2DB0E0380020815C /* FirebaseAnalyticsWithoutAdIdSupport in Frameworks */ = {isa = PBXBuildFile; productRef = D907CF5E2DB0E0380020815C /* FirebaseAnalyticsWithoutAdIdSupport */; };
		D907CF612DB0E0380020815C /* FirebaseAppCheck in Frameworks */ = {isa = PBXBuildFile; productRef = D907CF602DB0E0380020815C /* FirebaseAppCheck */; };
		D907CF632DB0E0380020815C /* FirebaseAppDistribution-Beta in Frameworks */ = {isa = PBXBuildFile; productRef = D907CF622DB0E0380020815C /* FirebaseAppDistribution-Beta */; };
		D907CF652DB0E0380020815C /* FirebaseAuth in Frameworks */ = {isa = PBXBuildFile; productRef = D907CF642DB0E0380020815C /* FirebaseAuth */; };
		D907CF672DB0E0380020815C /* FirebaseAuthCombine-Community in Frameworks */ = {isa = PBXBuildFile; productRef = D907CF662DB0E0380020815C /* FirebaseAuthCombine-Community */; };
		D907CF692DB0E0380020815C /* FirebaseCore in Frameworks */ = {isa = PBXBuildFile; productRef = D907CF682DB0E0380020815C /* FirebaseCore */; };
		D907CF6B2DB0E0380020815C /* FirebaseCrashlytics in Frameworks */ = {isa = PBXBuildFile; productRef = D907CF6A2DB0E0380020815C /* FirebaseCrashlytics */; };
		D907CF6D2DB0E0380020815C /* FirebaseDatabase in Frameworks */ = {isa = PBXBuildFile; productRef = D907CF6C2DB0E0380020815C /* FirebaseDatabase */; };
		D907CF6F2DB0E0380020815C /* FirebaseDynamicLinks in Frameworks */ = {isa = PBXBuildFile; productRef = D907CF6E2DB0E0380020815C /* FirebaseDynamicLinks */; };
		D907CF712DB0E0380020815C /* FirebaseFirestore in Frameworks */ = {isa = PBXBuildFile; productRef = D907CF702DB0E0380020815C /* FirebaseFirestore */; };
		D907CF732DB0E0380020815C /* FirebaseFirestoreCombine-Community in Frameworks */ = {isa = PBXBuildFile; productRef = D907CF722DB0E0380020815C /* FirebaseFirestoreCombine-Community */; };
		D907CF752DB0E0380020815C /* FirebaseFunctions in Frameworks */ = {isa = PBXBuildFile; productRef = D907CF742DB0E0380020815C /* FirebaseFunctions */; };
		D907CF772DB0E0380020815C /* FirebaseFunctionsCombine-Community in Frameworks */ = {isa = PBXBuildFile; productRef = D907CF762DB0E0380020815C /* FirebaseFunctionsCombine-Community */; };
		D907CF792DB0E0380020815C /* FirebaseInAppMessaging-Beta in Frameworks */ = {isa = PBXBuildFile; productRef = D907CF782DB0E0380020815C /* FirebaseInAppMessaging-Beta */; };
		D907CF7B2DB0E0380020815C /* FirebaseInstallations in Frameworks */ = {isa = PBXBuildFile; productRef = D907CF7A2DB0E0380020815C /* FirebaseInstallations */; };
		D907CF7D2DB0E0380020815C /* FirebaseMLModelDownloader in Frameworks */ = {isa = PBXBuildFile; productRef = D907CF7C2DB0E0380020815C /* FirebaseMLModelDownloader */; };
		D907CF7F2DB0E0380020815C /* FirebaseMessaging in Frameworks */ = {isa = PBXBuildFile; productRef = D907CF7E2DB0E0380020815C /* FirebaseMessaging */; };
		D907CF812DB0E0380020815C /* FirebasePerformance in Frameworks */ = {isa = PBXBuildFile; productRef = D907CF802DB0E0380020815C /* FirebasePerformance */; };
		D907CF832DB0E0380020815C /* FirebaseRemoteConfig in Frameworks */ = {isa = PBXBuildFile; productRef = D907CF822DB0E0380020815C /* FirebaseRemoteConfig */; };
		D907CF852DB0E0380020815C /* FirebaseStorage in Frameworks */ = {isa = PBXBuildFile; productRef = D907CF842DB0E0380020815C /* FirebaseStorage */; };
		D907CF872DB0E0380020815C /* FirebaseStorageCombine-Community in Frameworks */ = {isa = PBXBuildFile; productRef = D907CF862DB0E0380020815C /* FirebaseStorageCombine-Community */; };
		D907CF892DB0E0380020815C /* FirebaseVertexAI in Frameworks */ = {isa = PBXBuildFile; productRef = D907CF882DB0E0380020815C /* FirebaseVertexAI */; };
/* End PBXBuildFile section */

/* Begin PBXContainerItemProxy section */
		D91E02E22DAE1FB4001DEE63 /* PBXContainerItemProxy */ = {
			isa = PBXContainerItemProxy;
			containerPortal = D91E02C92DAE1FB3001DEE63 /* Project object */;
			proxyType = 1;
			remoteGlobalIDString = D91E02D02DAE1FB3001DEE63;
			remoteInfo = LearnerDish;
		};
		D91E02EC2DAE1FB4001DEE63 /* PBXContainerItemProxy */ = {
			isa = PBXContainerItemProxy;
			containerPortal = D91E02C92DAE1FB3001DEE63 /* Project object */;
			proxyType = 1;
			remoteGlobalIDString = D91E02D02DAE1FB3001DEE63;
			remoteInfo = LearnerDish;
		};
/* End PBXContainerItemProxy section */

/* Begin PBXFileReference section */
		D907CF572DB0D84F0020815C /* GoogleService-Info.plist */ = {isa = PBXFileReference; lastKnownFileType = text.plist.xml; path = "GoogleService-Info.plist"; sourceTree = "<group>"; };
		D91E02D12DAE1FB3001DEE63 /* LearnerDish.app */ = {isa = PBXFileReference; explicitFileType = wrapper.application; includeInIndex = 0; path = LearnerDish.app; sourceTree = BUILT_PRODUCTS_DIR; };
		D91E02E12DAE1FB4001DEE63 /* LearnerDishTests.xctest */ = {isa = PBXFileReference; explicitFileType = wrapper.cfbundle; includeInIndex = 0; path = LearnerDishTests.xctest; sourceTree = BUILT_PRODUCTS_DIR; };
		D91E02EB2DAE1FB4001DEE63 /* LearnerDishUITests.xctest */ = {isa = PBXFileReference; explicitFileType = wrapper.cfbundle; includeInIndex = 0; path = LearnerDishUITests.xctest; sourceTree = BUILT_PRODUCTS_DIR; };
/* End PBXFileReference section */

/* Begin PBXFileSystemSynchronizedBuildFileExceptionSet section */
		D91E03242DAE21D7001DEE63 /* Exceptions for "LearnerDish" folder in "LearnerDish" target */ = {
			isa = PBXFileSystemSynchronizedBuildFileExceptionSet;
			membershipExceptions = (
				Info.plist,
			);
			target = D91E02D02DAE1FB3001DEE63 /* LearnerDish */;
		};
/* End PBXFileSystemSynchronizedBuildFileExceptionSet section */

/* Begin PBXFileSystemSynchronizedRootGroup section */
		D91E02E42DAE1FB4001DEE63 /* LearnerDishTests */ = {
			isa = PBXFileSystemSynchronizedRootGroup;
			path = LearnerDishTests;
			sourceTree = "<group>";
		};
		D91E02EE2DAE1FB4001DEE63 /* LearnerDishUITests */ = {
			isa = PBXFileSystemSynchronizedRootGroup;
			path = LearnerDishUITests;
			sourceTree = "<group>";
		};
		D91E031F2DAE21D7001DEE63 /* LearnerDish */ = {
			isa = PBXFileSystemSynchronizedRootGroup;
			exceptions = (
				D91E03242DAE21D7001DEE63 /* Exceptions for "LearnerDish" folder in "LearnerDish" target */,
			);
			path = LearnerDish;
			sourceTree = "<group>";
		};
/* End PBXFileSystemSynchronizedRootGroup section */

/* Begin PBXFrameworksBuildPhase section */
		D91E02CE2DAE1FB3001DEE63 /* Frameworks */ = {
			isa = PBXFrameworksBuildPhase;
			buildActionMask = 2147483647;
			files = (
				D907CF732DB0E0380020815C /* FirebaseFirestoreCombine-Community in Frameworks */,
				D907CF892DB0E0380020815C /* FirebaseVertexAI in Frameworks */,
				D907CF752DB0E0380020815C /* FirebaseFunctions in Frameworks */,
				D907CF812DB0E0380020815C /* FirebasePerformance in Frameworks */,
				D907CF872DB0E0380020815C /* FirebaseStorageCombine-Community in Frameworks */,
				D907CF832DB0E0380020815C /* FirebaseRemoteConfig in Frameworks */,
				D907CF6D2DB0E0380020815C /* FirebaseDatabase in Frameworks */,
				D907CF6F2DB0E0380020815C /* FirebaseDynamicLinks in Frameworks */,
				D907CF612DB0E0380020815C /* FirebaseAppCheck in Frameworks */,
				D907CF652DB0E0380020815C /* FirebaseAuth in Frameworks */,
				D907CF5B2DB0E0380020815C /* FirebaseAnalytics in Frameworks */,
				D907CF712DB0E0380020815C /* FirebaseFirestore in Frameworks */,
				D907CF7F2DB0E0380020815C /* FirebaseMessaging in Frameworks */,
				D907CF7B2DB0E0380020815C /* FirebaseInstallations in Frameworks */,
				D907CF772DB0E0380020815C /* FirebaseFunctionsCombine-Community in Frameworks */,
				D907CF632DB0E0380020815C /* FirebaseAppDistribution-Beta in Frameworks */,
				D907CF5F2DB0E0380020815C /* FirebaseAnalyticsWithoutAdIdSupport in Frameworks */,
				D907CF792DB0E0380020815C /* FirebaseInAppMessaging-Beta in Frameworks */,
				D907CF672DB0E0380020815C /* FirebaseAuthCombine-Community in Frameworks */,
				D907CF6B2DB0E0380020815C /* FirebaseCrashlytics in Frameworks */,
				D907CF7D2DB0E0380020815C /* FirebaseMLModelDownloader in Frameworks */,
				D907CF852DB0E0380020815C /* FirebaseStorage in Frameworks */,
				D907CF692DB0E0380020815C /* FirebaseCore in Frameworks */,
				D907CF5D2DB0E0380020815C /* FirebaseAnalyticsOnDeviceConversion in Frameworks */,
			);
			runOnlyForDeploymentPostprocessing = 0;
		};
		D91E02DE2DAE1FB4001DEE63 /* Frameworks */ = {
			isa = PBXFrameworksBuildPhase;
			buildActionMask = 2147483647;
			files = (
			);
			runOnlyForDeploymentPostprocessing = 0;
		};
		D91E02E82DAE1FB4001DEE63 /* Frameworks */ = {
			isa = PBXFrameworksBuildPhase;
			buildActionMask = 2147483647;
			files = (
			);
			runOnlyForDeploymentPostprocessing = 0;
		};
/* End PBXFrameworksBuildPhase section */

/* Begin PBXGroup section */
		D91E02C82DAE1FB3001DEE63 = {
			isa = PBXGroup;
			children = (
				D907CF572DB0D84F0020815C /* GoogleService-Info.plist */,
				D91E031F2DAE21D7001DEE63 /* LearnerDish */,
				D91E02E42DAE1FB4001DEE63 /* LearnerDishTests */,
				D91E02EE2DAE1FB4001DEE63 /* LearnerDishUITests */,
				D91E02D22DAE1FB3001DEE63 /* Products */,
			);
			sourceTree = "<group>";
		};
		D91E02D22DAE1FB3001DEE63 /* Products */ = {
			isa = PBXGroup;
			children = (
				D91E02D12DAE1FB3001DEE63 /* LearnerDish.app */,
				D91E02E12DAE1FB4001DEE63 /* LearnerDishTests.xctest */,
				D91E02EB2DAE1FB4001DEE63 /* LearnerDishUITests.xctest */,
			);
			name = Products;
			sourceTree = "<group>";
		};
/* End PBXGroup section */

/* Begin PBXNativeTarget section */
		D91E02D02DAE1FB3001DEE63 /* LearnerDish */ = {
			isa = PBXNativeTarget;
			buildConfigurationList = D91E02F52DAE1FB4001DEE63 /* Build configuration list for PBXNativeTarget "LearnerDish" */;
			buildPhases = (
				D91E02CD2DAE1FB3001DEE63 /* Sources */,
				D91E02CE2DAE1FB3001DEE63 /* Frameworks */,
				D91E02CF2DAE1FB3001DEE63 /* Resources */,
			);
			buildRules = (
			);
			dependencies = (
			);
			fileSystemSynchronizedGroups = (
				D91E031F2DAE21D7001DEE63 /* LearnerDish */,
			);
			name = LearnerDish;
			packageProductDependencies = (
				D907CF5A2DB0E0380020815C /* FirebaseAnalytics */,
				D907CF5C2DB0E0380020815C /* FirebaseAnalyticsOnDeviceConversion */,
				D907CF5E2DB0E0380020815C /* FirebaseAnalyticsWithoutAdIdSupport */,
				D907CF602DB0E0380020815C /* FirebaseAppCheck */,
				D907CF622DB0E0380020815C /* FirebaseAppDistribution-Beta */,
				D907CF642DB0E0380020815C /* FirebaseAuth */,
				D907CF662DB0E0380020815C /* FirebaseAuthCombine-Community */,
				D907CF682DB0E0380020815C /* FirebaseCore */,
				D907CF6A2DB0E0380020815C /* FirebaseCrashlytics */,
				D907CF6C2DB0E0380020815C /* FirebaseDatabase */,
				D907CF6E2DB0E0380020815C /* FirebaseDynamicLinks */,
				D907CF702DB0E0380020815C /* FirebaseFirestore */,
				D907CF722DB0E0380020815C /* FirebaseFirestoreCombine-Community */,
				D907CF742DB0E0380020815C /* FirebaseFunctions */,
				D907CF762DB0E0380020815C /* FirebaseFunctionsCombine-Community */,
				D907CF782DB0E0380020815C /* FirebaseInAppMessaging-Beta */,
				D907CF7A2DB0E0380020815C /* FirebaseInstallations */,
				D907CF7C2DB0E0380020815C /* FirebaseMLModelDownloader */,
				D907CF7E2DB0E0380020815C /* FirebaseMessaging */,
				D907CF802DB0E0380020815C /* FirebasePerformance */,
				D907CF822DB0E0380020815C /* FirebaseRemoteConfig */,
				D907CF842DB0E0380020815C /* FirebaseStorage */,
				D907CF862DB0E0380020815C /* FirebaseStorageCombine-Community */,
				D907CF882DB0E0380020815C /* FirebaseVertexAI */,
			);
			productName = LearnerDish;
			productReference = D91E02D12DAE1FB3001DEE63 /* LearnerDish.app */;
			productType = "com.apple.product-type.application";
		};
		D91E02E02DAE1FB4001DEE63 /* LearnerDishTests */ = {
			isa = PBXNativeTarget;
			buildConfigurationList = D91E02F82DAE1FB4001DEE63 /* Build configuration list for PBXNativeTarget "LearnerDishTests" */;
			buildPhases = (
				D91E02DD2DAE1FB4001DEE63 /* Sources */,
				D91E02DE2DAE1FB4001DEE63 /* Frameworks */,
				D91E02DF2DAE1FB4001DEE63 /* Resources */,
			);
			buildRules = (
			);
			dependencies = (
				D91E02E32DAE1FB4001DEE63 /* PBXTargetDependency */,
			);
			fileSystemSynchronizedGroups = (
				D91E02E42DAE1FB4001DEE63 /* LearnerDishTests */,
			);
			name = LearnerDishTests;
			packageProductDependencies = (
			);
			productName = LearnerDishTests;
			productReference = D91E02E12DAE1FB4001DEE63 /* LearnerDishTests.xctest */;
			productType = "com.apple.product-type.bundle.unit-test";
		};
		D91E02EA2DAE1FB4001DEE63 /* LearnerDishUITests */ = {
			isa = PBXNativeTarget;
			buildConfigurationList = D91E02FB2DAE1FB4001DEE63 /* Build configuration list for PBXNativeTarget "LearnerDishUITests" */;
			buildPhases = (
				D91E02E72DAE1FB4001DEE63 /* Sources */,
				D91E02E82DAE1FB4001DEE63 /* Frameworks */,
				D91E02E92DAE1FB4001DEE63 /* Resources */,
			);
			buildRules = (
			);
			dependencies = (
				D91E02ED2DAE1FB4001DEE63 /* PBXTargetDependency */,
			);
			fileSystemSynchronizedGroups = (
				D91E02EE2DAE1FB4001DEE63 /* LearnerDishUITests */,
			);
			name = LearnerDishUITests;
			packageProductDependencies = (
			);
			productName = LearnerDishUITests;
			productReference = D91E02EB2DAE1FB4001DEE63 /* LearnerDishUITests.xctest */;
			productType = "com.apple.product-type.bundle.ui-testing";
		};
/* End PBXNativeTarget section */

/* Begin PBXProject section */
		D91E02C92DAE1FB3001DEE63 /* Project object */ = {
			isa = PBXProject;
			attributes = {
				BuildIndependentTargetsInParallel = 1;
				LastSwiftUpdateCheck = 1620;
				LastUpgradeCheck = 1620;
				TargetAttributes = {
					D91E02D02DAE1FB3001DEE63 = {
						CreatedOnToolsVersion = 16.2;
					};
					D91E02E02DAE1FB4001DEE63 = {
						CreatedOnToolsVersion = 16.2;
						TestTargetID = D91E02D02DAE1FB3001DEE63;
					};
					D91E02EA2DAE1FB4001DEE63 = {
						CreatedOnToolsVersion = 16.2;
						TestTargetID = D91E02D02DAE1FB3001DEE63;
					};
				};
			};
			buildConfigurationList = D91E02CC2DAE1FB3001DEE63 /* Build configuration list for PBXProject "LearnerDish" */;
			developmentRegion = en;
			hasScannedForEncodings = 0;
			knownRegions = (
				en,
				Base,
			);
			mainGroup = D91E02C82DAE1FB3001DEE63;
			minimizedProjectReferenceProxies = 1;
			packageReferences = (
				D907CF592DB0DA550020815C /* XCRemoteSwiftPackageReference "firebase-ios-sdk" */,
			);
			preferredProjectObjectVersion = 77;
			productRefGroup = D91E02D22DAE1FB3001DEE63 /* Products */;
			projectDirPath = "";
			projectRoot = "";
			targets = (
				D91E02D02DAE1FB3001DEE63 /* LearnerDish */,
				D91E02E02DAE1FB4001DEE63 /* LearnerDishTests */,
				D91E02EA2DAE1FB4001DEE63 /* LearnerDishUITests */,
			);
		};
/* End PBXProject section */

/* Begin PBXResourcesBuildPhase section */
		D91E02CF2DAE1FB3001DEE63 /* Resources */ = {
			isa = PBXResourcesBuildPhase;
			buildActionMask = 2147483647;
			files = (
				D907CF582DB0D84F0020815C /* GoogleService-Info.plist in Resources */,
			);
			runOnlyForDeploymentPostprocessing = 0;
		};
		D91E02DF2DAE1FB4001DEE63 /* Resources */ = {
			isa = PBXResourcesBuildPhase;
			buildActionMask = 2147483647;
			files = (
			);
			runOnlyForDeploymentPostprocessing = 0;
		};
		D91E02E92DAE1FB4001DEE63 /* Resources */ = {
			isa = PBXResourcesBuildPhase;
			buildActionMask = 2147483647;
			files = (
			);
			runOnlyForDeploymentPostprocessing = 0;
		};
/* End PBXResourcesBuildPhase section */

/* Begin PBXSourcesBuildPhase section */
		D91E02CD2DAE1FB3001DEE63 /* Sources */ = {
			isa = PBXSourcesBuildPhase;
			buildActionMask = 2147483647;
			files = (
			);
			runOnlyForDeploymentPostprocessing = 0;
		};
		D91E02DD2DAE1FB4001DEE63 /* Sources */ = {
			isa = PBXSourcesBuildPhase;
			buildActionMask = 2147483647;
			files = (
			);
			runOnlyForDeploymentPostprocessing = 0;
		};
		D91E02E72DAE1FB4001DEE63 /* Sources */ = {
			isa = PBXSourcesBuildPhase;
			buildActionMask = 2147483647;
			files = (
			);
			runOnlyForDeploymentPostprocessing = 0;
		};
/* End PBXSourcesBuildPhase section */

/* Begin PBXTargetDependency section */
		D91E02E32DAE1FB4001DEE63 /* PBXTargetDependency */ = {
			isa = PBXTargetDependency;
			target = D91E02D02DAE1FB3001DEE63 /* LearnerDish */;
			targetProxy = D91E02E22DAE1FB4001DEE63 /* PBXContainerItemProxy */;
		};
		D91E02ED2DAE1FB4001DEE63 /* PBXTargetDependency */ = {
			isa = PBXTargetDependency;
			target = D91E02D02DAE1FB3001DEE63 /* LearnerDish */;
			targetProxy = D91E02EC2DAE1FB4001DEE63 /* PBXContainerItemProxy */;
		};
/* End PBXTargetDependency section */

/* Begin XCBuildConfiguration section */
		D91E02F32DAE1FB4001DEE63 /* Debug */ = {
			isa = XCBuildConfiguration;
			buildSettings = {
				ALWAYS_SEARCH_USER_PATHS = NO;
				ASSETCATALOG_COMPILER_GENERATE_SWIFT_ASSET_SYMBOL_EXTENSIONS = YES;
				CLANG_ANALYZER_NONNULL = YES;
				CLANG_ANALYZER_NUMBER_OBJECT_CONVERSION = YES_AGGRESSIVE;
				CLANG_CXX_LANGUAGE_STANDARD = "gnu++20";
				CLANG_ENABLE_MODULES = YES;
				CLANG_ENABLE_OBJC_ARC = YES;
				CLANG_ENABLE_OBJC_WEAK = YES;
				CLANG_WARN_BLOCK_CAPTURE_AUTORELEASING = YES;
				CLANG_WARN_BOOL_CONVERSION = YES;
				CLANG_WARN_COMMA = YES;
				CLANG_WARN_CONSTANT_CONVERSION = YES;
				CLANG_WARN_DEPRECATED_OBJC_IMPLEMENTATIONS = YES;
				CLANG_WARN_DIRECT_OBJC_ISA_USAGE = YES_ERROR;
				CLANG_WARN_DOCUMENTATION_COMMENTS = YES;
				CLANG_WARN_EMPTY_BODY = YES;
				CLANG_WARN_ENUM_CONVERSION = YES;
				CLANG_WARN_INFINITE_RECURSION = YES;
				CLANG_WARN_INT_CONVERSION = YES;
				CLANG_WARN_NON_LITERAL_NULL_CONVERSION = YES;
				CLANG_WARN_OBJC_IMPLICIT_RETAIN_SELF = YES;
				CLANG_WARN_OBJC_LITERAL_CONVERSION = YES;
				CLANG_WARN_OBJC_ROOT_CLASS = YES_ERROR;
				CLANG_WARN_QUOTED_INCLUDE_IN_FRAMEWORK_HEADER = YES;
				CLANG_WARN_RANGE_LOOP_ANALYSIS = YES;
				CLANG_WARN_STRICT_PROTOTYPES = YES;
				CLANG_WARN_SUSPICIOUS_MOVE = YES;
				CLANG_WARN_UNGUARDED_AVAILABILITY = YES_AGGRESSIVE;
				CLANG_WARN_UNREACHABLE_CODE = YES;
				CLANG_WARN__DUPLICATE_METHOD_MATCH = YES;
				COPY_PHASE_STRIP = NO;
				DEBUG_INFORMATION_FORMAT = dwarf;
				ENABLE_STRICT_OBJC_MSGSEND = YES;
				ENABLE_TESTABILITY = YES;
				ENABLE_USER_SCRIPT_SANDBOXING = YES;
				GCC_C_LANGUAGE_STANDARD = gnu17;
				GCC_DYNAMIC_NO_PIC = NO;
				GCC_NO_COMMON_BLOCKS = YES;
				GCC_OPTIMIZATION_LEVEL = 0;
				GCC_PREPROCESSOR_DEFINITIONS = (
					"DEBUG=1",
					"$(inherited)",
				);
				GCC_WARN_64_TO_32_BIT_CONVERSION = YES;
				GCC_WARN_ABOUT_RETURN_TYPE = YES_ERROR;
				GCC_WARN_UNDECLARED_SELECTOR = YES;
				GCC_WARN_UNINITIALIZED_AUTOS = YES_AGGRESSIVE;
				GCC_WARN_UNUSED_FUNCTION = YES;
				GCC_WARN_UNUSED_VARIABLE = YES;
				IPHONEOS_DEPLOYMENT_TARGET = 18.2;
				LOCALIZATION_PREFERS_STRING_CATALOGS = YES;
				MTL_ENABLE_DEBUG_INFO = INCLUDE_SOURCE;
				MTL_FAST_MATH = YES;
				ONLY_ACTIVE_ARCH = YES;
				SDKROOT = iphoneos;
				SWIFT_ACTIVE_COMPILATION_CONDITIONS = "DEBUG $(inherited)";
				SWIFT_OPTIMIZATION_LEVEL = "-Onone";
			};
			name = Debug;
		};
		D91E02F42DAE1FB4001DEE63 /* Release */ = {
			isa = XCBuildConfiguration;
			buildSettings = {
				ALWAYS_SEARCH_USER_PATHS = NO;
				ASSETCATALOG_COMPILER_GENERATE_SWIFT_ASSET_SYMBOL_EXTENSIONS = YES;
				CLANG_ANALYZER_NONNULL = YES;
				CLANG_ANALYZER_NUMBER_OBJECT_CONVERSION = YES_AGGRESSIVE;
				CLANG_CXX_LANGUAGE_STANDARD = "gnu++20";
				CLANG_ENABLE_MODULES = YES;
				CLANG_ENABLE_OBJC_ARC = YES;
				CLANG_ENABLE_OBJC_WEAK = YES;
				CLANG_WARN_BLOCK_CAPTURE_AUTORELEASING = YES;
				CLANG_WARN_BOOL_CONVERSION = YES;
				CLANG_WARN_COMMA = YES;
				CLANG_WARN_CONSTANT_CONVERSION = YES;
				CLANG_WARN_DEPRECATED_OBJC_IMPLEMENTATIONS = YES;
				CLANG_WARN_DIRECT_OBJC_ISA_USAGE = YES_ERROR;
				CLANG_WARN_DOCUMENTATION_COMMENTS = YES;
				CLANG_WARN_EMPTY_BODY = YES;
				CLANG_WARN_ENUM_CONVERSION = YES;
				CLANG_WARN_INFINITE_RECURSION = YES;
				CLANG_WARN_INT_CONVERSION = YES;
				CLANG_WARN_NON_LITERAL_NULL_CONVERSION = YES;
				CLANG_WARN_OBJC_IMPLICIT_RETAIN_SELF = YES;
				CLANG_WARN_OBJC_LITERAL_CONVERSION = YES;
				CLANG_WARN_OBJC_ROOT_CLASS = YES_ERROR;
				CLANG_WARN_QUOTED_INCLUDE_IN_FRAMEWORK_HEADER = YES;
				CLANG_WARN_RANGE_LOOP_ANALYSIS = YES;
				CLANG_WARN_STRICT_PROTOTYPES = YES;
				CLANG_WARN_SUSPICIOUS_MOVE = YES;
				CLANG_WARN_UNGUARDED_AVAILABILITY = YES_AGGRESSIVE;
				CLANG_WARN_UNREACHABLE_CODE = YES;
				CLANG_WARN__DUPLICATE_METHOD_MATCH = YES;
				COPY_PHASE_STRIP = NO;
				DEBUG_INFORMATION_FORMAT = "dwarf-with-dsym";
				ENABLE_NS_ASSERTIONS = NO;
				ENABLE_STRICT_OBJC_MSGSEND = YES;
				ENABLE_USER_SCRIPT_SANDBOXING = YES;
				GCC_C_LANGUAGE_STANDARD = gnu17;
				GCC_NO_COMMON_BLOCKS = YES;
				GCC_WARN_64_TO_32_BIT_CONVERSION = YES;
				GCC_WARN_ABOUT_RETURN_TYPE = YES_ERROR;
				GCC_WARN_UNDECLARED_SELECTOR = YES;
				GCC_WARN_UNINITIALIZED_AUTOS = YES_AGGRESSIVE;
				GCC_WARN_UNUSED_FUNCTION = YES;
				GCC_WARN_UNUSED_VARIABLE = YES;
				IPHONEOS_DEPLOYMENT_TARGET = 18.2;
				LOCALIZATION_PREFERS_STRING_CATALOGS = YES;
				MTL_ENABLE_DEBUG_INFO = NO;
				MTL_FAST_MATH = YES;
				SDKROOT = iphoneos;
				SWIFT_COMPILATION_MODE = wholemodule;
				VALIDATE_PRODUCT = YES;
			};
			name = Release;
		};
		D91E02F62DAE1FB4001DEE63 /* Debug */ = {
			isa = XCBuildConfiguration;
			buildSettings = {
				ASSETCATALOG_COMPILER_APPICON_NAME = AppIcon;
				ASSETCATALOG_COMPILER_GLOBAL_ACCENT_COLOR_NAME = AccentColor;
				CODE_SIGN_STYLE = Automatic;
				CURRENT_PROJECT_VERSION = 1;
				DEVELOPMENT_ASSET_PATHS = "\"LearnerDish/Preview Content\"";
				DEVELOPMENT_TEAM = 48S2LZ9G6M;
				ENABLE_PREVIEWS = YES;
				GENERATE_INFOPLIST_FILE = YES;
				INFOPLIST_FILE = LearnerDish/Info.plist;
				INFOPLIST_KEY_LSApplicationCategoryType = "";
				INFOPLIST_KEY_UIApplicationSceneManifest_Generation = YES;
				INFOPLIST_KEY_UIApplicationSupportsIndirectInputEvents = YES;
				INFOPLIST_KEY_UILaunchScreen_Generation = YES;
				INFOPLIST_KEY_UISupportedInterfaceOrientations_iPad = "UIInterfaceOrientationPortrait UIInterfaceOrientationPortraitUpsideDown UIInterfaceOrientationLandscapeLeft UIInterfaceOrientationLandscapeRight";
				INFOPLIST_KEY_UISupportedInterfaceOrientations_iPhone = "UIInterfaceOrientationPortrait UIInterfaceOrientationLandscapeLeft UIInterfaceOrientationLandscapeRight";
				LD_RUNPATH_SEARCH_PATHS = (
					"$(inherited)",
					"@executable_path/Frameworks",
				);
				MARKETING_VERSION = 1.0;
				PRODUCT_BUNDLE_IDENTIFIER = singsing.LearnerDish;
				PRODUCT_NAME = "$(TARGET_NAME)";
				SWIFT_EMIT_LOC_STRINGS = YES;
				SWIFT_VERSION = 5.0;
				TARGETED_DEVICE_FAMILY = "1,2";
			};
			name = Debug;
		};
		D91E02F72DAE1FB4001DEE63 /* Release */ = {
			isa = XCBuildConfiguration;
			buildSettings = {
				ASSETCATALOG_COMPILER_APPICON_NAME = AppIcon;
				ASSETCATALOG_COMPILER_GLOBAL_ACCENT_COLOR_NAME = AccentColor;
				CODE_SIGN_STYLE = Automatic;
				CURRENT_PROJECT_VERSION = 1;
				DEVELOPMENT_ASSET_PATHS = "\"LearnerDish/Preview Content\"";
				DEVELOPMENT_TEAM = 48S2LZ9G6M;
				ENABLE_PREVIEWS = YES;
				GENERATE_INFOPLIST_FILE = YES;
				INFOPLIST_FILE = LearnerDish/Info.plist;
				INFOPLIST_KEY_LSApplicationCategoryType = "";
				INFOPLIST_KEY_UIApplicationSceneManifest_Generation = YES;
				INFOPLIST_KEY_UIApplicationSupportsIndirectInputEvents = YES;
				INFOPLIST_KEY_UILaunchScreen_Generation = YES;
				INFOPLIST_KEY_UISupportedInterfaceOrientations_iPad = "UIInterfaceOrientationPortrait UIInterfaceOrientationPortraitUpsideDown UIInterfaceOrientationLandscapeLeft UIInterfaceOrientationLandscapeRight";
				INFOPLIST_KEY_UISupportedInterfaceOrientations_iPhone = "UIInterfaceOrientationPortrait UIInterfaceOrientationLandscapeLeft UIInterfaceOrientationLandscapeRight";
				LD_RUNPATH_SEARCH_PATHS = (
					"$(inherited)",
					"@executable_path/Frameworks",
				);
				MARKETING_VERSION = 1.0;
				PRODUCT_BUNDLE_IDENTIFIER = singsing.LearnerDish;
				PRODUCT_NAME = "$(TARGET_NAME)";
				SWIFT_EMIT_LOC_STRINGS = YES;
				SWIFT_VERSION = 5.0;
				TARGETED_DEVICE_FAMILY = "1,2";
			};
			name = Release;
		};
		D91E02F92DAE1FB4001DEE63 /* Debug */ = {
			isa = XCBuildConfiguration;
			buildSettings = {
				BUNDLE_LOADER = "$(TEST_HOST)";
				CODE_SIGN_STYLE = Automatic;
				CURRENT_PROJECT_VERSION = 1;
				DEVELOPMENT_TEAM = 48S2LZ9G6M;
				GENERATE_INFOPLIST_FILE = YES;
				IPHONEOS_DEPLOYMENT_TARGET = 18.2;
				MARKETING_VERSION = 1.0;
				PRODUCT_BUNDLE_IDENTIFIER = singsing.LearnerDishTests;
				PRODUCT_NAME = "$(TARGET_NAME)";
				SWIFT_EMIT_LOC_STRINGS = NO;
				SWIFT_VERSION = 5.0;
				TARGETED_DEVICE_FAMILY = "1,2";
				TEST_HOST = "$(BUILT_PRODUCTS_DIR)/LearnerDish.app/$(BUNDLE_EXECUTABLE_FOLDER_PATH)/LearnerDish";
			};
			name = Debug;
		};
		D91E02FA2DAE1FB4001DEE63 /* Release */ = {
			isa = XCBuildConfiguration;
			buildSettings = {
				BUNDLE_LOADER = "$(TEST_HOST)";
				CODE_SIGN_STYLE = Automatic;
				CURRENT_PROJECT_VERSION = 1;
				DEVELOPMENT_TEAM = 48S2LZ9G6M;
				GENERATE_INFOPLIST_FILE = YES;
				IPHONEOS_DEPLOYMENT_TARGET = 18.2;
				MARKETING_VERSION = 1.0;
				PRODUCT_BUNDLE_IDENTIFIER = singsing.LearnerDishTests;
				PRODUCT_NAME = "$(TARGET_NAME)";
				SWIFT_EMIT_LOC_STRINGS = NO;
				SWIFT_VERSION = 5.0;
				TARGETED_DEVICE_FAMILY = "1,2";
				TEST_HOST = "$(BUILT_PRODUCTS_DIR)/LearnerDish.app/$(BUNDLE_EXECUTABLE_FOLDER_PATH)/LearnerDish";
			};
			name = Release;
		};
		D91E02FC2DAE1FB4001DEE63 /* Debug */ = {
			isa = XCBuildConfiguration;
			buildSettings = {
				CODE_SIGN_STYLE = Automatic;
				CURRENT_PROJECT_VERSION = 1;
				DEVELOPMENT_TEAM = 48S2LZ9G6M;
				GENERATE_INFOPLIST_FILE = YES;
				MARKETING_VERSION = 1.0;
				PRODUCT_BUNDLE_IDENTIFIER = singsing.LearnerDishUITests;
				PRODUCT_NAME = "$(TARGET_NAME)";
				SWIFT_EMIT_LOC_STRINGS = NO;
				SWIFT_VERSION = 5.0;
				TARGETED_DEVICE_FAMILY = "1,2";
				TEST_TARGET_NAME = LearnerDish;
			};
			name = Debug;
		};
		D91E02FD2DAE1FB4001DEE63 /* Release */ = {
			isa = XCBuildConfiguration;
			buildSettings = {
				CODE_SIGN_STYLE = Automatic;
				CURRENT_PROJECT_VERSION = 1;
				DEVELOPMENT_TEAM = 48S2LZ9G6M;
				GENERATE_INFOPLIST_FILE = YES;
				MARKETING_VERSION = 1.0;
				PRODUCT_BUNDLE_IDENTIFIER = singsing.LearnerDishUITests;
				PRODUCT_NAME = "$(TARGET_NAME)";
				SWIFT_EMIT_LOC_STRINGS = NO;
				SWIFT_VERSION = 5.0;
				TARGETED_DEVICE_FAMILY = "1,2";
				TEST_TARGET_NAME = LearnerDish;
			};
			name = Release;
		};
/* End XCBuildConfiguration section */

/* Begin XCConfigurationList section */
		D91E02CC2DAE1FB3001DEE63 /* Build configuration list for PBXProject "LearnerDish" */ = {
			isa = XCConfigurationList;
			buildConfigurations = (
				D91E02F32DAE1FB4001DEE63 /* Debug */,
				D91E02F42DAE1FB4001DEE63 /* Release */,
			);
			defaultConfigurationIsVisible = 0;
			defaultConfigurationName = Release;
		};
		D91E02F52DAE1FB4001DEE63 /* Build configuration list for PBXNativeTarget "LearnerDish" */ = {
			isa = XCConfigurationList;
			buildConfigurations = (
				D91E02F62DAE1FB4001DEE63 /* Debug */,
				D91E02F72DAE1FB4001DEE63 /* Release */,
			);
			defaultConfigurationIsVisible = 0;
			defaultConfigurationName = Release;
		};
		D91E02F82DAE1FB4001DEE63 /* Build configuration list for PBXNativeTarget "LearnerDishTests" */ = {
			isa = XCConfigurationList;
			buildConfigurations = (
				D91E02F92DAE1FB4001DEE63 /* Debug */,
				D91E02FA2DAE1FB4001DEE63 /* Release */,
			);
			defaultConfigurationIsVisible = 0;
			defaultConfigurationName = Release;
		};
		D91E02FB2DAE1FB4001DEE63 /* Build configuration list for PBXNativeTarget "LearnerDishUITests" */ = {
			isa = XCConfigurationList;
			buildConfigurations = (
				D91E02FC2DAE1FB4001DEE63 /* Debug */,
				D91E02FD2DAE1FB4001DEE63 /* Release */,
			);
			defaultConfigurationIsVisible = 0;
			defaultConfigurationName = Release;
		};
/* End XCConfigurationList section */

/* Begin XCRemoteSwiftPackageReference section */
		D907CF592DB0DA550020815C /* XCRemoteSwiftPackageReference "firebase-ios-sdk" */ = {
			isa = XCRemoteSwiftPackageReference;
			repositoryURL = "https://github.com/firebase/firebase-ios-sdk.git";
			requirement = {
				kind = upToNextMajorVersion;
				minimumVersion = 11.11.0;
			};
		};
/* End XCRemoteSwiftPackageReference section */

/* Begin XCSwiftPackageProductDependency section */
		D907CF5A2DB0E0380020815C /* FirebaseAnalytics */ = {
			isa = XCSwiftPackageProductDependency;
			package = D907CF592DB0DA550020815C /* XCRemoteSwiftPackageReference "firebase-ios-sdk" */;
			productName = FirebaseAnalytics;
		};
		D907CF5C2DB0E0380020815C /* FirebaseAnalyticsOnDeviceConversion */ = {
			isa = XCSwiftPackageProductDependency;
			package = D907CF592DB0DA550020815C /* XCRemoteSwiftPackageReference "firebase-ios-sdk" */;
			productName = FirebaseAnalyticsOnDeviceConversion;
		};
		D907CF5E2DB0E0380020815C /* FirebaseAnalyticsWithoutAdIdSupport */ = {
			isa = XCSwiftPackageProductDependency;
			package = D907CF592DB0DA550020815C /* XCRemoteSwiftPackageReference "firebase-ios-sdk" */;
			productName = FirebaseAnalyticsWithoutAdIdSupport;
		};
		D907CF602DB0E0380020815C /* FirebaseAppCheck */ = {
			isa = XCSwiftPackageProductDependency;
			package = D907CF592DB0DA550020815C /* XCRemoteSwiftPackageReference "firebase-ios-sdk" */;
			productName = FirebaseAppCheck;
		};
		D907CF622DB0E0380020815C /* FirebaseAppDistribution-Beta */ = {
			isa = XCSwiftPackageProductDependency;
			package = D907CF592DB0DA550020815C /* XCRemoteSwiftPackageReference "firebase-ios-sdk" */;
			productName = "FirebaseAppDistribution-Beta";
		};
		D907CF642DB0E0380020815C /* FirebaseAuth */ = {
			isa = XCSwiftPackageProductDependency;
			package = D907CF592DB0DA550020815C /* XCRemoteSwiftPackageReference "firebase-ios-sdk" */;
			productName = FirebaseAuth;
		};
		D907CF662DB0E0380020815C /* FirebaseAuthCombine-Community */ = {
			isa = XCSwiftPackageProductDependency;
			package = D907CF592DB0DA550020815C /* XCRemoteSwiftPackageReference "firebase-ios-sdk" */;
			productName = "FirebaseAuthCombine-Community";
		};
		D907CF682DB0E0380020815C /* FirebaseCore */ = {
			isa = XCSwiftPackageProductDependency;
			package = D907CF592DB0DA550020815C /* XCRemoteSwiftPackageReference "firebase-ios-sdk" */;
			productName = FirebaseCore;
		};
		D907CF6A2DB0E0380020815C /* FirebaseCrashlytics */ = {
			isa = XCSwiftPackageProductDependency;
			package = D907CF592DB0DA550020815C /* XCRemoteSwiftPackageReference "firebase-ios-sdk" */;
			productName = FirebaseCrashlytics;
		};
		D907CF6C2DB0E0380020815C /* FirebaseDatabase */ = {
			isa = XCSwiftPackageProductDependency;
			package = D907CF592DB0DA550020815C /* XCRemoteSwiftPackageReference "firebase-ios-sdk" */;
			productName = FirebaseDatabase;
		};
		D907CF6E2DB0E0380020815C /* FirebaseDynamicLinks */ = {
			isa = XCSwiftPackageProductDependency;
			package = D907CF592DB0DA550020815C /* XCRemoteSwiftPackageReference "firebase-ios-sdk" */;
			productName = FirebaseDynamicLinks;
		};
		D907CF702DB0E0380020815C /* FirebaseFirestore */ = {
			isa = XCSwiftPackageProductDependency;
			package = D907CF592DB0DA550020815C /* XCRemoteSwiftPackageReference "firebase-ios-sdk" */;
			productName = FirebaseFirestore;
		};
		D907CF722DB0E0380020815C /* FirebaseFirestoreCombine-Community */ = {
			isa = XCSwiftPackageProductDependency;
			package = D907CF592DB0DA550020815C /* XCRemoteSwiftPackageReference "firebase-ios-sdk" */;
			productName = "FirebaseFirestoreCombine-Community";
		};
		D907CF742DB0E0380020815C /* FirebaseFunctions */ = {
			isa = XCSwiftPackageProductDependency;
			package = D907CF592DB0DA550020815C /* XCRemoteSwiftPackageReference "firebase-ios-sdk" */;
			productName = FirebaseFunctions;
		};
		D907CF762DB0E0380020815C /* FirebaseFunctionsCombine-Community */ = {
			isa = XCSwiftPackageProductDependency;
			package = D907CF592DB0DA550020815C /* XCRemoteSwiftPackageReference "firebase-ios-sdk" */;
			productName = "FirebaseFunctionsCombine-Community";
		};
		D907CF782DB0E0380020815C /* FirebaseInAppMessaging-Beta */ = {
			isa = XCSwiftPackageProductDependency;
			package = D907CF592DB0DA550020815C /* XCRemoteSwiftPackageReference "firebase-ios-sdk" */;
			productName = "FirebaseInAppMessaging-Beta";
		};
		D907CF7A2DB0E0380020815C /* FirebaseInstallations */ = {
			isa = XCSwiftPackageProductDependency;
			package = D907CF592DB0DA550020815C /* XCRemoteSwiftPackageReference "firebase-ios-sdk" */;
			productName = FirebaseInstallations;
		};
		D907CF7C2DB0E0380020815C /* FirebaseMLModelDownloader */ = {
			isa = XCSwiftPackageProductDependency;
			package = D907CF592DB0DA550020815C /* XCRemoteSwiftPackageReference "firebase-ios-sdk" */;
			productName = FirebaseMLModelDownloader;
		};
		D907CF7E2DB0E0380020815C /* FirebaseMessaging */ = {
			isa = XCSwiftPackageProductDependency;
			package = D907CF592DB0DA550020815C /* XCRemoteSwiftPackageReference "firebase-ios-sdk" */;
			productName = FirebaseMessaging;
		};
		D907CF802DB0E0380020815C /* FirebasePerformance */ = {
			isa = XCSwiftPackageProductDependency;
			package = D907CF592DB0DA550020815C /* XCRemoteSwiftPackageReference "firebase-ios-sdk" */;
			productName = FirebasePerformance;
		};
		D907CF822DB0E0380020815C /* FirebaseRemoteConfig */ = {
			isa = XCSwiftPackageProductDependency;
			package = D907CF592DB0DA550020815C /* XCRemoteSwiftPackageReference "firebase-ios-sdk" */;
			productName = FirebaseRemoteConfig;
		};
		D907CF842DB0E0380020815C /* FirebaseStorage */ = {
			isa = XCSwiftPackageProductDependency;
			package = D907CF592DB0DA550020815C /* XCRemoteSwiftPackageReference "firebase-ios-sdk" */;
			productName = FirebaseStorage;
		};
		D907CF862DB0E0380020815C /* FirebaseStorageCombine-Community */ = {
			isa = XCSwiftPackageProductDependency;
			package = D907CF592DB0DA550020815C /* XCRemoteSwiftPackageReference "firebase-ios-sdk" */;
			productName = "FirebaseStorageCombine-Community";
		};
		D907CF882DB0E0380020815C /* FirebaseVertexAI */ = {
			isa = XCSwiftPackageProductDependency;
			package = D907CF592DB0DA550020815C /* XCRemoteSwiftPackageReference "firebase-ios-sdk" */;
			productName = FirebaseVertexAI;
		};
/* End XCSwiftPackageProductDependency section */
	};
	rootObject = D91E02C92DAE1FB3001DEE63 /* Project object */;
}
